lockfileVersion: '6.0'

settings:
  autoInstallPeers: true
  excludeLinksFromLockfile: false

dependencies:
  crypto-js:
    specifier: ^4.2.0
    version: 4.2.0
  vue:
    specifier: ^3.3.11
    version: 3.4.5(typescript@5.3.3)
  vue-query:
    specifier: ^1.26.0
    version: 1.26.0(react@18.2.0)(vue@3.4.5)

devDependencies:
  '@types/crypto-js':
    specifier: ^4.2.1
    version: 4.2.1
  '@vitejs/plugin-vue':
    specifier: ^4.5.2
    version: 4.6.2(vite@5.0.10)(vue@3.4.5)
  typescript:
    specifier: ^5.2.2
    version: 5.3.3
  vite:
    specifier: ^5.0.8
    version: 5.0.10
  vue-tsc:
    specifier: ^1.8.25
    version: 1.8.27(typescript@5.3.3)

packages:

  /@babel/helper-string-parser@7.23.4:
    resolution: {integrity: sha512-803gmbQdqwdf4olxrX4AJyFBV/RTr3rSmOj0rKwesmzlfhYNDEs+/iOcznzpNWlJlIlTJC2QfPFcHB6DlzdVLQ==}
    engines: {node: '>=6.9.0'}

  /@babel/helper-validator-identifier@7.22.20:
    resolution: {integrity: sha512-Y4OZ+ytlatR8AI+8KZfKuL5urKp7qey08ha31L8b3BwewJAoJamTzyvxPR/5D+KkdJCGPq/+8TukHBlY10FX9A==}
    engines: {node: '>=6.9.0'}

  /@babel/parser@7.23.6:
    resolution: {integrity: sha512-Z2uID7YJ7oNvAI20O9X0bblw7Qqs8Q2hFy0R9tAfnfLkp5MW0UH9eUvnDSnFwKZ0AvgS1ucqR4KzvVHgnke1VQ==}
    engines: {node: '>=6.0.0'}
    hasBin: true
    dependencies:
      '@babel/types': 7.23.6

  /@babel/runtime@7.23.7:
    resolution: {integrity: sha512-w06OXVOFso7LcbzMiDGt+3X7Rh7Ho8MmgPoWU3rarH+8upf+wSU/grlGbWzQyr3DkdN6ZeuMFjpdwW0Q+HxobA==}
    engines: {node: '>=6.9.0'}
    dependencies:
      regenerator-runtime: 0.14.1
    dev: false

  /@babel/types@7.23.6:
    resolution: {integrity: sha512-+uarb83brBzPKN38NX1MkB6vb6+mwvR6amUulqAE7ccQw1pEl+bCia9TbdG1lsnFP7lZySvUn37CHyXQdfTwzg==}
    engines: {node: '>=6.9.0'}
    dependencies:
      '@babel/helper-string-parser': 7.23.4
      '@babel/helper-validator-identifier': 7.22.20
      to-fast-properties: 2.0.0

  /@esbuild/aix-ppc64@0.19.11:
    resolution: {integrity: sha512-FnzU0LyE3ySQk7UntJO4+qIiQgI7KoODnZg5xzXIrFJlKd2P2gwHsHY4927xj9y5PJmJSzULiUCWmv7iWnNa7g==}
    engines: {node: '>=12'}
    cpu: [ppc64]
    os: [aix]
    requiresBuild: true
    dev: true
    optional: true

  /@esbuild/android-arm64@0.19.11:
    resolution: {integrity: sha512-aiu7K/5JnLj//KOnOfEZ0D90obUkRzDMyqd/wNAUQ34m4YUPVhRZpnqKV9uqDGxT7cToSDnIHsGooyIczu9T+Q==}
    engines: {node: '>=12'}
    cpu: [arm64]
    os: [android]
    requiresBuild: true
    dev: true
    optional: true

  /@esbuild/android-arm@0.19.11:
    resolution: {integrity: sha512-5OVapq0ClabvKvQ58Bws8+wkLCV+Rxg7tUVbo9xu034Nm536QTII4YzhaFriQ7rMrorfnFKUsArD2lqKbFY4vw==}
    engines: {node: '>=12'}
    cpu: [arm]
    os: [android]
    requiresBuild: true
    dev: true
    optional: true

  /@esbuild/android-x64@0.19.11:
    resolution: {integrity: sha512-eccxjlfGw43WYoY9QgB82SgGgDbibcqyDTlk3l3C0jOVHKxrjdc9CTwDUQd0vkvYg5um0OH+GpxYvp39r+IPOg==}
    engines: {node: '>=12'}
    cpu: [x64]
    os: [android]
    requiresBuild: true
    dev: true
    optional: true

  /@esbuild/darwin-arm64@0.19.11:
    resolution: {integrity: sha512-ETp87DRWuSt9KdDVkqSoKoLFHYTrkyz2+65fj9nfXsaV3bMhTCjtQfw3y+um88vGRKRiF7erPrh/ZuIdLUIVxQ==}
    engines: {node: '>=12'}
    cpu: [arm64]
    os: [darwin]
    requiresBuild: true
    dev: true
    optional: true

  /@esbuild/darwin-x64@0.19.11:
    resolution: {integrity: sha512-fkFUiS6IUK9WYUO/+22omwetaSNl5/A8giXvQlcinLIjVkxwTLSktbF5f/kJMftM2MJp9+fXqZ5ezS7+SALp4g==}
    engines: {node: '>=12'}
    cpu: [x64]
    os: [darwin]
    requiresBuild: true
    dev: true
    optional: true

  /@esbuild/freebsd-arm64@0.19.11:
    resolution: {integrity: sha512-lhoSp5K6bxKRNdXUtHoNc5HhbXVCS8V0iZmDvyWvYq9S5WSfTIHU2UGjcGt7UeS6iEYp9eeymIl5mJBn0yiuxA==}
    engines: {node: '>=12'}
    cpu: [arm64]
    os: [freebsd]
    requiresBuild: true
    dev: true
    optional: true

  /@esbuild/freebsd-x64@0.19.11:
    resolution: {integrity: sha512-JkUqn44AffGXitVI6/AbQdoYAq0TEullFdqcMY/PCUZ36xJ9ZJRtQabzMA+Vi7r78+25ZIBosLTOKnUXBSi1Kw==}
    engines: {node: '>=12'}
    cpu: [x64]
    os: [freebsd]
    requiresBuild: true
    dev: true
    optional: true

  /@esbuild/linux-arm64@0.19.11:
    resolution: {integrity: sha512-LneLg3ypEeveBSMuoa0kwMpCGmpu8XQUh+mL8XXwoYZ6Be2qBnVtcDI5azSvh7vioMDhoJFZzp9GWp9IWpYoUg==}
    engines: {node: '>=12'}
    cpu: [arm64]
    os: [linux]
    requiresBuild: true
    dev: true
    optional: true

  /@esbuild/linux-arm@0.19.11:
    resolution: {integrity: sha512-3CRkr9+vCV2XJbjwgzjPtO8T0SZUmRZla+UL1jw+XqHZPkPgZiyWvbDvl9rqAN8Zl7qJF0O/9ycMtjU67HN9/Q==}
    engines: {node: '>=12'}
    cpu: [arm]
    os: [linux]
    requiresBuild: true
    dev: true
    optional: true

  /@esbuild/linux-ia32@0.19.11:
    resolution: {integrity: sha512-caHy++CsD8Bgq2V5CodbJjFPEiDPq8JJmBdeyZ8GWVQMjRD0sU548nNdwPNvKjVpamYYVL40AORekgfIubwHoA==}
    engines: {node: '>=12'}
    cpu: [ia32]
    os: [linux]
    requiresBuild: true
    dev: true
    optional: true

  /@esbuild/linux-loong64@0.19.11:
    resolution: {integrity: sha512-ppZSSLVpPrwHccvC6nQVZaSHlFsvCQyjnvirnVjbKSHuE5N24Yl8F3UwYUUR1UEPaFObGD2tSvVKbvR+uT1Nrg==}
    engines: {node: '>=12'}
    cpu: [loong64]
    os: [linux]
    requiresBuild: true
    dev: true
    optional: true

  /@esbuild/linux-mips64el@0.19.11:
    resolution: {integrity: sha512-B5x9j0OgjG+v1dF2DkH34lr+7Gmv0kzX6/V0afF41FkPMMqaQ77pH7CrhWeR22aEeHKaeZVtZ6yFwlxOKPVFyg==}
    engines: {node: '>=12'}
    cpu: [mips64el]
    os: [linux]
    requiresBuild: true
    dev: true
    optional: true

  /@esbuild/linux-ppc64@0.19.11:
    resolution: {integrity: sha512-MHrZYLeCG8vXblMetWyttkdVRjQlQUb/oMgBNurVEnhj4YWOr4G5lmBfZjHYQHHN0g6yDmCAQRR8MUHldvvRDA==}
    engines: {node: '>=12'}
    cpu: [ppc64]
    os: [linux]
    requiresBuild: true
    dev: true
    optional: true

  /@esbuild/linux-riscv64@0.19.11:
    resolution: {integrity: sha512-f3DY++t94uVg141dozDu4CCUkYW+09rWtaWfnb3bqe4w5NqmZd6nPVBm+qbz7WaHZCoqXqHz5p6CM6qv3qnSSQ==}
    engines: {node: '>=12'}
    cpu: [riscv64]
    os: [linux]
    requiresBuild: true
    dev: true
    optional: true

  /@esbuild/linux-s390x@0.19.11:
    resolution: {integrity: sha512-A5xdUoyWJHMMlcSMcPGVLzYzpcY8QP1RtYzX5/bS4dvjBGVxdhuiYyFwp7z74ocV7WDc0n1harxmpq2ePOjI0Q==}
    engines: {node: '>=12'}
    cpu: [s390x]
    os: [linux]
    requiresBuild: true
    dev: true
    optional: true

  /@esbuild/linux-x64@0.19.11:
    resolution: {integrity: sha512-grbyMlVCvJSfxFQUndw5mCtWs5LO1gUlwP4CDi4iJBbVpZcqLVT29FxgGuBJGSzyOxotFG4LoO5X+M1350zmPA==}
    engines: {node: '>=12'}
    cpu: [x64]
    os: [linux]
    requiresBuild: true
    dev: true
    optional: true

  /@esbuild/netbsd-x64@0.19.11:
    resolution: {integrity: sha512-13jvrQZJc3P230OhU8xgwUnDeuC/9egsjTkXN49b3GcS5BKvJqZn86aGM8W9pd14Kd+u7HuFBMVtrNGhh6fHEQ==}
    engines: {node: '>=12'}
    cpu: [x64]
    os: [netbsd]
    requiresBuild: true
    dev: true
    optional: true

  /@esbuild/openbsd-x64@0.19.11:
    resolution: {integrity: sha512-ysyOGZuTp6SNKPE11INDUeFVVQFrhcNDVUgSQVDzqsqX38DjhPEPATpid04LCoUr2WXhQTEZ8ct/EgJCUDpyNw==}
    engines: {node: '>=12'}
    cpu: [x64]
    os: [openbsd]
    requiresBuild: true
    dev: true
    optional: true

  /@esbuild/sunos-x64@0.19.11:
    resolution: {integrity: sha512-Hf+Sad9nVwvtxy4DXCZQqLpgmRTQqyFyhT3bZ4F2XlJCjxGmRFF0Shwn9rzhOYRB61w9VMXUkxlBy56dk9JJiQ==}
    engines: {node: '>=12'}
    cpu: [x64]
    os: [sunos]
    requiresBuild: true
    dev: true
    optional: true

  /@esbuild/win32-arm64@0.19.11:
    resolution: {integrity: sha512-0P58Sbi0LctOMOQbpEOvOL44Ne0sqbS0XWHMvvrg6NE5jQ1xguCSSw9jQeUk2lfrXYsKDdOe6K+oZiwKPilYPQ==}
    engines: {node: '>=12'}
    cpu: [arm64]
    os: [win32]
    requiresBuild: true
    dev: true
    optional: true

  /@esbuild/win32-ia32@0.19.11:
    resolution: {integrity: sha512-6YOrWS+sDJDmshdBIQU+Uoyh7pQKrdykdefC1avn76ss5c+RN6gut3LZA4E2cH5xUEp5/cA0+YxRaVtRAb0xBg==}
    engines: {node: '>=12'}
    cpu: [ia32]
    os: [win32]
    requiresBuild: true
    dev: true
    optional: true

  /@esbuild/win32-x64@0.19.11:
    resolution: {integrity: sha512-vfkhltrjCAb603XaFhqhAF4LGDi2M4OrCRrFusyQ+iTLQ/o60QQXxc9cZC/FFpihBI9N1Grn6SMKVJ4KP7Fuiw==}
    engines: {node: '>=12'}
    cpu: [x64]
    os: [win32]
    requiresBuild: true
    dev: true
    optional: true

  /@jridgewell/sourcemap-codec@1.4.15:
    resolution: {integrity: sha512-eF2rxCRulEKXHTRiDrDy6erMYWqNw4LPdQ8UQA4huuxaQsVeRPFl2oM8oDGxMFhJUWZf9McpLtJasDDZb/Bpeg==}

  /@rollup/rollup-android-arm-eabi@4.9.2:
    resolution: {integrity: sha512-RKzxFxBHq9ysZ83fn8Iduv3A283K7zPPYuhL/z9CQuyFrjwpErJx0h4aeb/bnJ+q29GRLgJpY66ceQ/Wcsn3wA==}
    cpu: [arm]
    os: [android]
    requiresBuild: true
    dev: true
    optional: true

  /@rollup/rollup-android-arm64@4.9.2:
    resolution: {integrity: sha512-yZ+MUbnwf3SHNWQKJyWh88ii2HbuHCFQnAYTeeO1Nb8SyEiWASEi5dQUygt3ClHWtA9My9RQAYkjvrsZ0WK8Xg==}
    cpu: [arm64]
    os: [android]
    requiresBuild: true
    dev: true
    optional: true

  /@rollup/rollup-darwin-arm64@4.9.2:
    resolution: {integrity: sha512-vqJ/pAUh95FLc/G/3+xPqlSBgilPnauVf2EXOQCZzhZJCXDXt/5A8mH/OzU6iWhb3CNk5hPJrh8pqJUPldN5zw==}
    cpu: [arm64]
    os: [darwin]
    requiresBuild: true
    dev: true
    optional: true

  /@rollup/rollup-darwin-x64@4.9.2:
    resolution: {integrity: sha512-otPHsN5LlvedOprd3SdfrRNhOahhVBwJpepVKUN58L0RnC29vOAej1vMEaVU6DadnpjivVsNTM5eNt0CcwTahw==}
    cpu: [x64]
    os: [darwin]
    requiresBuild: true
    dev: true
    optional: true

  /@rollup/rollup-linux-arm-gnueabihf@4.9.2:
    resolution: {integrity: sha512-ewG5yJSp+zYKBYQLbd1CUA7b1lSfIdo9zJShNTyc2ZP1rcPrqyZcNlsHgs7v1zhgfdS+kW0p5frc0aVqhZCiYQ==}
    cpu: [arm]
    os: [linux]
    requiresBuild: true
    dev: true
    optional: true

  /@rollup/rollup-linux-arm64-gnu@4.9.2:
    resolution: {integrity: sha512-pL6QtV26W52aCWTG1IuFV3FMPL1m4wbsRG+qijIvgFO/VBsiXJjDPE/uiMdHBAO6YcpV4KvpKtd0v3WFbaxBtg==}
    cpu: [arm64]
    os: [linux]
    requiresBuild: true
    dev: true
    optional: true

  /@rollup/rollup-linux-arm64-musl@4.9.2:
    resolution: {integrity: sha512-On+cc5EpOaTwPSNetHXBuqylDW+765G/oqB9xGmWU3npEhCh8xu0xqHGUA+4xwZLqBbIZNcBlKSIYfkBm6ko7g==}
    cpu: [arm64]
    os: [linux]
    requiresBuild: true
    dev: true
    optional: true

  /@rollup/rollup-linux-riscv64-gnu@4.9.2:
    resolution: {integrity: sha512-Wnx/IVMSZ31D/cO9HSsU46FjrPWHqtdF8+0eyZ1zIB5a6hXaZXghUKpRrC4D5DcRTZOjml2oBhXoqfGYyXKipw==}
    cpu: [riscv64]
    os: [linux]
    requiresBuild: true
    dev: true
    optional: true

  /@rollup/rollup-linux-x64-gnu@4.9.2:
    resolution: {integrity: sha512-ym5x1cj4mUAMBummxxRkI4pG5Vht1QMsJexwGP8547TZ0sox9fCLDHw9KCH9c1FO5d9GopvkaJsBIOkTKxksdw==}
    cpu: [x64]
    os: [linux]
    requiresBuild: true
    dev: true
    optional: true

  /@rollup/rollup-linux-x64-musl@4.9.2:
    resolution: {integrity: sha512-m0hYELHGXdYx64D6IDDg/1vOJEaiV8f1G/iO+tejvRCJNSwK4jJ15e38JQy5Q6dGkn1M/9KcyEOwqmlZ2kqaZg==}
    cpu: [x64]
    os: [linux]
    requiresBuild: true
    dev: true
    optional: true

  /@rollup/rollup-win32-arm64-msvc@4.9.2:
    resolution: {integrity: sha512-x1CWburlbN5JjG+juenuNa4KdedBdXLjZMp56nHFSHTOsb/MI2DYiGzLtRGHNMyydPGffGId+VgjOMrcltOksA==}
    cpu: [arm64]
    os: [win32]
    requiresBuild: true
    dev: true
    optional: true

  /@rollup/rollup-win32-ia32-msvc@4.9.2:
    resolution: {integrity: sha512-VVzCB5yXR1QlfsH1Xw1zdzQ4Pxuzv+CPr5qpElpKhVxlxD3CRdfubAG9mJROl6/dmj5gVYDDWk8sC+j9BI9/kQ==}
    cpu: [ia32]
    os: [win32]
    requiresBuild: true
    dev: true
    optional: true

  /@rollup/rollup-win32-x64-msvc@4.9.2:
    resolution: {integrity: sha512-SYRedJi+mweatroB+6TTnJYLts0L0bosg531xnQWtklOI6dezEagx4Q0qDyvRdK+qgdA3YZpjjGuPFtxBmddBA==}
    cpu: [x64]
    os: [win32]
    requiresBuild: true
    dev: true
    optional: true

  /@types/crypto-js@4.2.1:
    resolution: {integrity: sha512-FSPGd9+OcSok3RsM0UZ/9fcvMOXJ1ENE/ZbLfOPlBWj7BgXtEAM8VYfTtT760GiLbQIMoVozwVuisjvsVwqYWw==}
    dev: true

  /@vitejs/plugin-vue@4.6.2(vite@5.0.10)(vue@3.4.5):
    resolution: {integrity: sha512-kqf7SGFoG+80aZG6Pf+gsZIVvGSCKE98JbiWqcCV9cThtg91Jav0yvYFC9Zb+jKetNGF6ZKeoaxgZfND21fWKw==}
    engines: {node: ^14.18.0 || >=16.0.0}
    peerDependencies:
      vite: ^4.0.0 || ^5.0.0
      vue: ^3.2.25
    dependencies:
      vite: 5.0.10
      vue: 3.4.5(typescript@5.3.3)
    dev: true

  /@volar/language-core@1.11.1:
    resolution: {integrity: sha512-dOcNn3i9GgZAcJt43wuaEykSluAuOkQgzni1cuxLxTV0nJKanQztp7FxyswdRILaKH+P2XZMPRp2S4MV/pElCw==}
    dependencies:
      '@volar/source-map': 1.11.1
    dev: true

  /@volar/source-map@1.11.1:
    resolution: {integrity: sha512-hJnOnwZ4+WT5iupLRnuzbULZ42L7BWWPMmruzwtLhJfpDVoZLjNBxHDi2sY2bgZXCKlpU5XcsMFoYrsQmPhfZg==}
    dependencies:
      muggle-string: 0.3.1
    dev: true

  /@volar/typescript@1.11.1:
    resolution: {integrity: sha512-iU+t2mas/4lYierSnoFOeRFQUhAEMgsFuQxoxvwn5EdQopw43j+J27a4lt9LMInx1gLJBC6qL14WYGlgymaSMQ==}
    dependencies:
      '@volar/language-core': 1.11.1
      path-browserify: 1.0.1
    dev: true

  /@vue/compiler-core@3.4.5:
    resolution: {integrity: sha512-Daka7P1z2AgKjzuueWXhwzIsKu0NkLB6vGbNVEV2iJ8GJTrzraZo/Sk4GWCMRtd/qVi3zwnk+Owbd/xSZbwHtQ==}
    dependencies:
      '@babel/parser': 7.23.6
      '@vue/shared': 3.4.5
      entities: 4.5.0
      estree-walker: 2.0.2
      source-map-js: 1.0.2

  /@vue/compiler-dom@3.4.5:
    resolution: {integrity: sha512-J8YlxknJVd90SXFJ4HwGANSAXsx5I0lK30sO/zvYV7s5gXf7gZR7r/1BmZ2ju7RGH1lnc6bpBc6nL61yW+PsAQ==}
    dependencies:
      '@vue/compiler-core': 3.4.5
      '@vue/shared': 3.4.5

  /@vue/compiler-sfc@3.4.5:
    resolution: {integrity: sha512-jauvkDuSSUbP0ebhfNqljhShA90YEfX/0wZ+w40oZF43IjGyWYjqYaJbvMJwGOd+9+vODW6eSvnk28f0SGV7OQ==}
    dependencies:
      '@babel/parser': 7.23.6
      '@vue/compiler-core': 3.4.5
      '@vue/compiler-dom': 3.4.5
      '@vue/compiler-ssr': 3.4.5
      '@vue/shared': 3.4.5
      estree-walker: 2.0.2
      magic-string: 0.30.5
      postcss: 8.4.33
      source-map-js: 1.0.2

  /@vue/compiler-ssr@3.4.5:
    resolution: {integrity: sha512-DDdEcDzj2lWTMfUMMtEpLDhURai9LhM0zSZ219jCt7b2Vyl0/jy3keFgCPMitG0V1S1YG4Cmws3lWHWdxHQOpg==}
    dependencies:
      '@vue/compiler-dom': 3.4.5
      '@vue/shared': 3.4.5

  /@vue/devtools-api@6.5.1:
    resolution: {integrity: sha512-+KpckaAQyfbvshdDW5xQylLni1asvNSGme1JFs8I1+/H5pHEhqUKMEQD/qn3Nx5+/nycBq11qAEi8lk+LXI2dA==}
    dev: false

  /@vue/language-core@1.8.27(typescript@5.3.3):
    resolution: {integrity: sha512-L8Kc27VdQserNaCUNiSFdDl9LWT24ly8Hpwf1ECy3aFb9m6bDhBGQYOujDm21N7EW3moKIOKEanQwe1q5BK+mA==}
    peerDependencies:
      typescript: '*'
    peerDependenciesMeta:
      typescript:
        optional: true
    dependencies:
      '@volar/language-core': 1.11.1
      '@volar/source-map': 1.11.1
      '@vue/compiler-dom': 3.4.5
      '@vue/shared': 3.4.5
      computeds: 0.0.1
      minimatch: 9.0.3
      muggle-string: 0.3.1
      path-browserify: 1.0.1
      typescript: 5.3.3
      vue-template-compiler: 2.7.16
    dev: true

  /@vue/reactivity@3.4.5:
    resolution: {integrity: sha512-BcWkKvjdvqJwb7BhhFkXPLDCecX4d4a6GATvCduJQDLv21PkPowAE5GKuIE5p6RC07/Lp9FMkkq4AYCTVF5KlQ==}
    dependencies:
      '@vue/shared': 3.4.5

  /@vue/runtime-core@3.4.5:
    resolution: {integrity: sha512-wh9ELIOQKeWT9SaUPdLrsxRkZv14jp+SJm9aiQGWio+/MWNM3Lib0wE6CoKEqQ9+SCYyGjDBhTOTtO47kCgbkg==}
    dependencies:
      '@vue/reactivity': 3.4.5
      '@vue/shared': 3.4.5

  /@vue/runtime-dom@3.4.5:
    resolution: {integrity: sha512-n5ewvOjyG3IEpqGBahdPXODFSpVlSz3H4LF76Sx0XAqpIOqyJ5bIb2PrdYuH2ogBMAQPh+o5tnoH4nJpBr8U0Q==}
    dependencies:
      '@vue/runtime-core': 3.4.5
      '@vue/shared': 3.4.5
      csstype: 3.1.3

  /@vue/server-renderer@3.4.5(vue@3.4.5):
    resolution: {integrity: sha512-jOFc/VE87yvifQpNju12VcqimH8pBLxdcT+t3xMeiED1K6DfH9SORyhFEoZlW5TG2Vwfn3Ul5KE+1aC99xnSBg==}
    peerDependencies:
      vue: 3.4.5
    dependencies:
      '@vue/compiler-ssr': 3.4.5
      '@vue/shared': 3.4.5
      vue: 3.4.5(typescript@5.3.3)

  /@vue/shared@3.4.5:
    resolution: {integrity: sha512-6XptuzlMvN4l4cDnDw36pdGEV+9njYkQ1ZE0Q6iZLwrKefKaOJyiFmcP3/KBDHbt72cJZGtllAc1GaHe6XGAyg==}

  /balanced-match@1.0.2:
    resolution: {integrity: sha512-3oSeUO0TMV67hN1AmbXsK4yaqU7tjiHlbxRDZOpH0KW9+CeX4bRAaX0Anxt0tx2MrpRpWwQaPwIlISEJhYU5Pw==}

  /big-integer@1.6.52:
    resolution: {integrity: sha512-QxD8cf2eVqJOOz63z6JIN9BzvVs/dlySa5HGSBH5xtR8dPteIRQnBxxKqkNTiT6jbDTF6jAfrd4oMcND9RGbQg==}
    engines: {node: '>=0.6'}
    dev: false

  /brace-expansion@1.1.11:
    resolution: {integrity: sha512-iCuPHDFgrHX7H2vEI/5xpz07zSHB00TpugqhmYtVmMO6518mCuRMoOYFldEBl0g187ufozdaHgWKcYFb61qGiA==}
    dependencies:
      balanced-match: 1.0.2
      concat-map: 0.0.1
    dev: false

  /brace-expansion@2.0.1:
    resolution: {integrity: sha512-XnAIvQ8eM+kC6aULx6wuQiwVsnzsi9d3WxzV3FpWTGA19F621kwdbsAcFKXgKUHZWsy+mY6iL1sHTxWEFCytDA==}
    dependencies:
      balanced-match: 1.0.2
    dev: true

  /broadcast-channel@3.7.0:
    resolution: {integrity: sha512-cIAKJXAxGJceNZGTZSBzMxzyOn72cVgPnKx4dc6LRjQgbaJUQqhy5rzL3zbMxkMWsGKkv2hSFkPRMEXfoMZ2Mg==}
    dependencies:
      '@babel/runtime': 7.23.7
      detect-node: 2.1.0
      js-sha3: 0.8.0
      microseconds: 0.2.0
      nano-time: 1.0.0
      oblivious-set: 1.0.0
      rimraf: 3.0.2
      unload: 2.2.0
    dev: false

  /computeds@0.0.1:
    resolution: {integrity: sha512-7CEBgcMjVmitjYo5q8JTJVra6X5mQ20uTThdK+0kR7UEaDrAWEQcRiBtWJzga4eRpP6afNwwLsX2SET2JhVB1Q==}
    dev: true

  /concat-map@0.0.1:
    resolution: {integrity: sha512-/Srv4dswyQNBfohGpz9o6Yb3Gz3SrUDqBH5rTuhGR7ahtlbYKnVxw2bCFMRljaA7EXHaXZ8wsHdodFvbkhKmqg==}
    dev: false

  /crypto-js@4.2.0:
    resolution: {integrity: sha512-KALDyEYgpY+Rlob/iriUtjV6d5Eq+Y191A5g4UqLAi8CyGP9N1+FdVbkc1SxKc2r4YAYqG8JzO2KGL+AizD70Q==}
    dev: false

  /csstype@3.1.3:
    resolution: {integrity: sha512-M1uQkMl8rQK/szD0LNhtqxIPLpimGm8sOBwU7lLnCpSbTyY3yeU1Vc7l4KT5zT4s/yOxHH5O7tIuuLOCnLADRw==}

  /de-indent@1.0.2:
    resolution: {integrity: sha512-e/1zu3xH5MQryN2zdVaF0OrdNLUbvWxzMbi+iNA6Bky7l1RoP8a2fIbRocyHclXt/arDrrR6lL3TqFD9pMQTsg==}
    dev: true

  /detect-node@2.1.0:
    resolution: {integrity: sha512-T0NIuQpnTvFDATNuHN5roPwSBG83rFsuO+MXXH9/3N1eFbn4wcPjttvjMLEPWJ0RGUYgQE7cGgS3tNxbqCGM7g==}
    dev: false

  /entities@4.5.0:
    resolution: {integrity: sha512-V0hjH4dGPh9Ao5p0MoRY6BVqtwCjhz6vI5LT8AJ55H+4g9/4vbHx1I54fS0XuclLhDHArPQCiMjDxjaL8fPxhw==}
    engines: {node: '>=0.12'}

  /esbuild@0.19.11:
    resolution: {integrity: sha512-HJ96Hev2hX/6i5cDVwcqiJBBtuo9+FeIJOtZ9W1kA5M6AMJRHUZlpYZ1/SbEwtO0ioNAW8rUooVpC/WehY2SfA==}
    engines: {node: '>=12'}
    hasBin: true
    requiresBuild: true
    optionalDependencies:
      '@esbuild/aix-ppc64': 0.19.11
      '@esbuild/android-arm': 0.19.11
      '@esbuild/android-arm64': 0.19.11
      '@esbuild/android-x64': 0.19.11
      '@esbuild/darwin-arm64': 0.19.11
      '@esbuild/darwin-x64': 0.19.11
      '@esbuild/freebsd-arm64': 0.19.11
      '@esbuild/freebsd-x64': 0.19.11
      '@esbuild/linux-arm': 0.19.11
      '@esbuild/linux-arm64': 0.19.11
      '@esbuild/linux-ia32': 0.19.11
      '@esbuild/linux-loong64': 0.19.11
      '@esbuild/linux-mips64el': 0.19.11
      '@esbuild/linux-ppc64': 0.19.11
      '@esbuild/linux-riscv64': 0.19.11
      '@esbuild/linux-s390x': 0.19.11
      '@esbuild/linux-x64': 0.19.11
      '@esbuild/netbsd-x64': 0.19.11
      '@esbuild/openbsd-x64': 0.19.11
      '@esbuild/sunos-x64': 0.19.11
      '@esbuild/win32-arm64': 0.19.11
      '@esbuild/win32-ia32': 0.19.11
      '@esbuild/win32-x64': 0.19.11
    dev: true

  /estree-walker@2.0.2:
    resolution: {integrity: sha512-Rfkk/Mp/DL7JVje3u18FxFujQlTNR2q6QfMSMB7AvCBx91NGj/ba3kCfza0f6dVDbw7YlRf/nDrn7pQrCCyQ/w==}

  /fs.realpath@1.0.0:
    resolution: {integrity: sha512-OO0pH2lK6a0hZnAdau5ItzHPI6pUlvI7jMVnxUQRtw4owF2wk8lOSabtGDCTP4Ggrg2MbGnWO9X8K1t4+fGMDw==}
    dev: false

  /fsevents@2.3.3:
    resolution: {integrity: sha512-5xoDfX+fL7faATnagmWPpbFtwh/R77WmMMqqHGS65C3vvB0YHrgF+B1YmZ3441tMj5n63k0212XNoJwzlhffQw==}
    engines: {node: ^8.16.0 || ^10.6.0 || >=11.0.0}
    os: [darwin]
    requiresBuild: true
    dev: true
    optional: true

  /glob@7.2.3:
    resolution: {integrity: sha512-nFR0zLpU2YCaRxwoCJvL6UvCH2JFyFVIvwTLsIf21AuHlMskA1hhTdk+LlYJtOlYt9v6dvszD2BGRqBL+iQK9Q==}
    dependencies:
      fs.realpath: 1.0.0
      inflight: 1.0.6
      inherits: 2.0.4
      minimatch: 3.1.2
      once: 1.4.0
      path-is-absolute: 1.0.1
    dev: false

  /he@1.2.0:
    resolution: {integrity: sha512-F/1DnUGPopORZi0ni+CvrCgHQ5FyEAHRLSApuYWMmrbSwoN2Mn/7k+Gl38gJnR7yyDZk6WLXwiGod1JOWNDKGw==}
    hasBin: true
    dev: true

  /inflight@1.0.6:
    resolution: {integrity: sha512-k92I/b08q4wvFscXCLvqfsHCrjrF7yiXsQuIVvVE7N82W3+aqpzuUdBbfhWcy/FZR3/4IgflMgKLOsvPDrGCJA==}
    dependencies:
      once: 1.4.0
      wrappy: 1.0.2
    dev: false

  /inherits@2.0.4:
    resolution: {integrity: sha512-k/vGaX4/Yla3WzyMCvTQOXYeIHvqOKtnqBduzTHpzpQZzAskKMhZ2K+EnBiSM9zGSoIFeMpXKxa4dYeZIQqewQ==}
    dev: false

  /js-sha3@0.8.0:
    resolution: {integrity: sha512-gF1cRrHhIzNfToc802P800N8PpXS+evLLXfsVpowqmAFR9uwbi89WvXg2QspOmXL8QL86J4T1EpFu+yUkwJY3Q==}
    dev: false

  /js-tokens@4.0.0:
    resolution: {integrity: sha512-RdJUflcE3cUzKiMqQgsCu06FPu9UdIJO0beYbPhHN4k6apgJtifcoCtT9bcxOpYBtpD2kCM6Sbzg4CausW/PKQ==}
    dev: false

  /loose-envify@1.4.0:
    resolution: {integrity: sha512-lyuxPGr/Wfhrlem2CL/UcnUc1zcqKAImBDzukY7Y5F/yQiNdko6+fRLevlw1HgMySw7f611UIY408EtxRSoK3Q==}
    hasBin: true
    dependencies:
      js-tokens: 4.0.0
    dev: false

  /lru-cache@6.0.0:
    resolution: {integrity: sha512-Jo6dJ04CmSjuznwJSS3pUeWmd/H0ffTlkXXgwZi+eq1UCmqQwCh+eLsYOYCwY991i2Fah4h1BEMCx4qThGbsiA==}
    engines: {node: '>=10'}
    dependencies:
      yallist: 4.0.0
    dev: true

  /magic-string@0.30.5:
    resolution: {integrity: sha512-7xlpfBaQaP/T6Vh8MO/EqXSW5En6INHEvEXQiuff7Gku0PWjU3uf6w/j9o7O+SpB5fOAkrI5HeoNgwjEO0pFsA==}
    engines: {node: '>=12'}
    dependencies:
      '@jridgewell/sourcemap-codec': 1.4.15

  /match-sorter@6.3.1:
    resolution: {integrity: sha512-mxybbo3pPNuA+ZuCUhm5bwNkXrJTbsk5VWbR5wiwz/GC6LIiegBGn2w3O08UG/jdbYLinw51fSQ5xNU1U3MgBw==}
    dependencies:
      '@babel/runtime': 7.23.7
      remove-accents: 0.4.2
    dev: false

  /microseconds@0.2.0:
    resolution: {integrity: sha512-n7DHHMjR1avBbSpsTBj6fmMGh2AGrifVV4e+WYc3Q9lO+xnSZ3NyhcBND3vzzatt05LFhoKFRxrIyklmLlUtyA==}
    dev: false

  /minimatch@3.1.2:
    resolution: {integrity: sha512-J7p63hRiAjw1NDEww1W7i37+ByIrOWO5XQQAzZ3VOcL0PNybwpfmV/N05zFAzwQ9USyEcX6t3UO+K5aqBQOIHw==}
    dependencies:
      brace-expansion: 1.1.11
    dev: false

  /minimatch@9.0.3:
    resolution: {integrity: sha512-RHiac9mvaRw0x3AYRgDC1CxAP7HTcNrrECeA8YYJeWnpo+2Q5CegtZjaotWTWxDG3UeGA1coE05iH1mPjT/2mg==}
    engines: {node: '>=16 || 14 >=14.17'}
    dependencies:
      brace-expansion: 2.0.1
    dev: true

  /muggle-string@0.3.1:
    resolution: {integrity: sha512-ckmWDJjphvd/FvZawgygcUeQCxzvohjFO5RxTjj4eq8kw359gFF3E1brjfI+viLMxss5JrHTDRHZvu2/tuy0Qg==}
    dev: true

  /nano-time@1.0.0:
    resolution: {integrity: sha512-flnngywOoQ0lLQOTRNexn2gGSNuM9bKj9RZAWSzhQ+UJYaAFG9bac4DW9VHjUAzrOaIcajHybCTHe/bkvozQqA==}
    dependencies:
      big-integer: 1.6.52
    dev: false

  /nanoid@3.3.7:
    resolution: {integrity: sha512-eSRppjcPIatRIMC1U6UngP8XFcz8MQWGQdt1MTBQ7NaAmvXDfvNxbvWV3x2y6CdEUciCSsDHDQZbhYaB8QEo2g==}
    engines: {node: ^10 || ^12 || ^13.7 || ^14 || >=15.0.1}
    hasBin: true

  /oblivious-set@1.0.0:
    resolution: {integrity: sha512-z+pI07qxo4c2CulUHCDf9lcqDlMSo72N/4rLUpRXf6fu+q8vjt8y0xS+Tlf8NTJDdTXHbdeO1n3MlbctwEoXZw==}
    dev: false

  /once@1.4.0:
    resolution: {integrity: sha512-lNaJgI+2Q5URQBkccEKHTQOPaXdUxnZZElQTZY0MFUAuaEqe1E+Nyvgdz/aIyNi6Z9MzO5dv1H8n58/GELp3+w==}
    dependencies:
      wrappy: 1.0.2
    dev: false

  /path-browserify@1.0.1:
    resolution: {integrity: sha512-b7uo2UCUOYZcnF/3ID0lulOJi/bafxa1xPe7ZPsammBSpjSWQkjNxlt635YGS2MiR9GjvuXCtz2emr3jbsz98g==}
    dev: true

  /path-is-absolute@1.0.1:
    resolution: {integrity: sha512-AVbw3UJ2e9bq64vSaS9Am0fje1Pa8pbGqTTsmXfaIiMpnr5DlDhfJOuLj9Sf95ZPVDAUerDfEk88MPmPe7UCQg==}
    engines: {node: '>=0.10.0'}
    dev: false

  /picocolors@1.0.0:
    resolution: {integrity: sha512-1fygroTLlHu66zi26VoTDv8yRgm0Fccecssto+MhsZ0D/DGW2sm8E8AjW7NU5VVTRt5GxbeZ5qBuJr+HyLYkjQ==}

  /postcss@8.4.33:
    resolution: {integrity: sha512-Kkpbhhdjw2qQs2O2DGX+8m5OVqEcbB9HRBvuYM9pgrjEFUg30A9LmXNlTAUj4S9kgtGyrMbTzVjH7E+s5Re2yg==}
    engines: {node: ^10 || ^12 || >=14}
    dependencies:
      nanoid: 3.3.7
      picocolors: 1.0.0
      source-map-js: 1.0.2

  /react-query@3.39.3(react@18.2.0):
    resolution: {integrity: sha512-nLfLz7GiohKTJDuT4us4X3h/8unOh+00MLb2yJoGTPjxKs2bc1iDhkNx2bd5MKklXnOD3NrVZ+J2UXujA5In4g==}
    peerDependencies:
      react: ^16.8.0 || ^17.0.0 || ^18.0.0
      react-dom: '*'
      react-native: '*'
    peerDependenciesMeta:
      react-dom:
        optional: true
      react-native:
        optional: true
    dependencies:
      '@babel/runtime': 7.23.7
      broadcast-channel: 3.7.0
      match-sorter: 6.3.1
      react: 18.2.0
    dev: false

  /react@18.2.0:
    resolution: {integrity: sha512-/3IjMdb2L9QbBdWiW5e3P2/npwMBaU9mHCSCUzNln0ZCYbcfTsGbTJrU/kGemdH2IWmB2ioZ+zkxtmq6g09fGQ==}
    engines: {node: '>=0.10.0'}
    dependencies:
      loose-envify: 1.4.0
    dev: false

  /regenerator-runtime@0.14.1:
    resolution: {integrity: sha512-dYnhHh0nJoMfnkZs6GmmhFknAGRrLznOu5nc9ML+EJxGvrx6H7teuevqVqCuPcPK//3eDrrjQhehXVx9cnkGdw==}
    dev: false

  /remove-accents@0.4.2:
    resolution: {integrity: sha512-7pXIJqJOq5tFgG1A2Zxti3Ht8jJF337m4sowbuHsW30ZnkQFnDzy9qBNhgzX8ZLW4+UBcXiiR7SwR6pokHsxiA==}
    dev: false

  /rimraf@3.0.2:
    resolution: {integrity: sha512-JZkJMZkAGFFPP2YqXZXPbMlMBgsxzE8ILs4lMIX/2o0L9UBw9O/Y3o6wFw/i9YLapcUJWwqbi3kdxIPdC62TIA==}
    hasBin: true
    dependencies:
      glob: 7.2.3
    dev: false

  /rollup@4.9.2:
    resolution: {integrity: sha512-66RB8OtFKUTozmVEh3qyNfH+b+z2RXBVloqO2KCC/pjFaGaHtxP9fVfOQKPSGXg2mElmjmxjW/fZ7iKrEpMH5Q==}
    engines: {node: '>=18.0.0', npm: '>=8.0.0'}
    hasBin: true
    optionalDependencies:
      '@rollup/rollup-android-arm-eabi': 4.9.2
      '@rollup/rollup-android-arm64': 4.9.2
      '@rollup/rollup-darwin-arm64': 4.9.2
      '@rollup/rollup-darwin-x64': 4.9.2
      '@rollup/rollup-linux-arm-gnueabihf': 4.9.2
      '@rollup/rollup-linux-arm64-gnu': 4.9.2
      '@rollup/rollup-linux-arm64-musl': 4.9.2
      '@rollup/rollup-linux-riscv64-gnu': 4.9.2
      '@rollup/rollup-linux-x64-gnu': 4.9.2
      '@rollup/rollup-linux-x64-musl': 4.9.2
      '@rollup/rollup-win32-arm64-msvc': 4.9.2
      '@rollup/rollup-win32-ia32-msvc': 4.9.2
      '@rollup/rollup-win32-x64-msvc': 4.9.2
      fsevents: 2.3.3
    dev: true

  /semver@7.5.4:
    resolution: {integrity: sha512-1bCSESV6Pv+i21Hvpxp3Dx+pSD8lIPt8uVjRrxAUt/nbswYc+tK6Y2btiULjd4+fnq15PX+nqQDC7Oft7WkwcA==}
    engines: {node: '>=10'}
    hasBin: true
    dependencies:
      lru-cache: 6.0.0
    dev: true

  /source-map-js@1.0.2:
    resolution: {integrity: sha512-R0XvVJ9WusLiqTCEiGCmICCMplcCkIwwR11mOSD9CR5u+IXYdiseeEuXCVAjS54zqwkLcPNnmU4OeJ6tUrWhDw==}
    engines: {node: '>=0.10.0'}

  /to-fast-properties@2.0.0:
    resolution: {integrity: sha512-/OaKK0xYrs3DmxRYqL/yDc+FxFUVYhDlXMhRmv3z915w2HF1tnN1omB354j8VUGO/hbRzyD6Y3sA7v7GS/ceog==}
    engines: {node: '>=4'}

  /typescript@5.3.3:
    resolution: {integrity: sha512-pXWcraxM0uxAS+tN0AG/BF2TyqmHO014Z070UsJ+pFvYuRSq8KH8DmWpnbXe0pEPDHXZV3FcAbJkijJ5oNEnWw==}
    engines: {node: '>=14.17'}
    hasBin: true

  /unload@2.2.0:
    resolution: {integrity: sha512-B60uB5TNBLtN6/LsgAf3udH9saB5p7gqJwcFfbOEZ8BcBHnGwCf6G/TGiEqkRAxX7zAFIUtzdrXQSdL3Q/wqNA==}
    dependencies:
      '@babel/runtime': 7.23.7
      detect-node: 2.1.0
    dev: false

  /vite@5.0.10:
    resolution: {integrity: sha512-2P8J7WWgmc355HUMlFrwofacvr98DAjoE52BfdbwQtyLH06XKwaL/FMnmKM2crF0iX4MpmMKoDlNCB1ok7zHCw==}
    engines: {node: ^18.0.0 || >=20.0.0}
    hasBin: true
    peerDependencies:
      '@types/node': ^18.0.0 || >=20.0.0
      less: '*'
      lightningcss: ^1.21.0
      sass: '*'
      stylus: '*'
      sugarss: '*'
      terser: ^5.4.0
    peerDependenciesMeta:
      '@types/node':
        optional: true
      less:
        optional: true
      lightningcss:
        optional: true
      sass:
        optional: true
      stylus:
        optional: true
      sugarss:
        optional: true
      terser:
        optional: true
    dependencies:
      esbuild: 0.19.11
      postcss: 8.4.33
      rollup: 4.9.2
    optionalDependencies:
      fsevents: 2.3.3
    dev: true

  /vue-demi@0.10.1(vue@3.4.5):
    resolution: {integrity: sha512-L6Oi+BvmMv6YXvqv5rJNCFHEKSVu7llpWWJczqmAQYOdmPPw5PNYoz1KKS//Fxhi+4QP64dsPjtmvnYGo1jemA==}
    hasBin: true
    requiresBuild: true
    peerDependencies:
      '@vue/composition-api': ^1.0.0-rc.1
      vue: ^2.6.0 || >=3.0.0
    peerDependenciesMeta:
      '@vue/composition-api':
        optional: true
    dependencies:
      vue: 3.4.5(typescript@5.3.3)
    dev: false

  /vue-query@1.26.0(react@18.2.0)(vue@3.4.5):
    resolution: {integrity: sha512-78JbnLX/3tDll5kDr6PUasRWn05BeWm7yJNeUezA9INrn3AgTCLbsEctnlw6/wM6HiRqFj9F+mf+ruZusyiVOg==}
    peerDependencies:
      '@nuxtjs/composition-api': ^0.28.0
      '@vue/composition-api': ^1.1.2
      vue: ^2.0.0 || >=3.0.0
    peerDependenciesMeta:
      '@nuxtjs/composition-api':
        optional: true
      '@vue/composition-api':
        optional: true
    dependencies:
      '@vue/devtools-api': 6.5.1
      match-sorter: 6.3.1
      react-query: 3.39.3(react@18.2.0)
      vue: 3.4.5(typescript@5.3.3)
      vue-demi: 0.10.1(vue@3.4.5)
    transitivePeerDependencies:
      - react
      - react-dom
      - react-native
    dev: false

  /vue-template-compiler@2.7.16:
    resolution: {integrity: sha512-AYbUWAJHLGGQM7+cNTELw+KsOG9nl2CnSv467WobS5Cv9uk3wFcnr1Etsz2sEIHEZvw1U+o9mRlEO6QbZvUPGQ==}
    dependencies:
      de-indent: 1.0.2
      he: 1.2.0
    dev: true

  /vue-tsc@1.8.27(typescript@5.3.3):
    resolution: {integrity: sha512-WesKCAZCRAbmmhuGl3+VrdWItEvfoFIPXOvUJkjULi+x+6G/Dy69yO3TBRJDr9eUlmsNAwVmxsNZxvHKzbkKdg==}
    hasBin: true
    peerDependencies:
      typescript: '*'
    dependencies:
      '@volar/typescript': 1.11.1
      '@vue/language-core': 1.8.27(typescript@5.3.3)
      semver: 7.5.4
      typescript: 5.3.3
    dev: true

  /vue@3.4.5(typescript@5.3.3):
    resolution: {integrity: sha512-VH6nHFhLPjgu2oh5vEBXoNZxsGHuZNr3qf4PHClwJWw6IDqw6B3x+4J+ABdoZ0aJuT8Zi0zf3GpGlLQCrGWHrw==}
    peerDependencies:
      typescript: '*'
    peerDependenciesMeta:
      typescript:
        optional: true
    dependencies:
      '@vue/compiler-dom': 3.4.5
      '@vue/compiler-sfc': 3.4.5
      '@vue/runtime-dom': 3.4.5
      '@vue/server-renderer': 3.4.5(vue@3.4.5)
      '@vue/shared': 3.4.5
      typescript: 5.3.3

  /wrappy@1.0.2:
    resolution: {integrity: sha512-l4Sp/DRseor9wL6EvV2+TuQn63dMkPjZ/sp9XkghTEbV9KlPS1xUsZ3u7/IQO4wxtcFB4bgpQPRcR3QCvezPcQ==}
    dev: false

  /yallist@4.0.0:
    resolution: {integrity: sha512-3wdGidZyq5PB084XLES5TpOSRA3wjXAlIWMhum2kRcv/41Sn2emQ0dycQW4uZXLejwKvg6EsvbdlVL+FYEct7A==}
    dev: true
